
Microsoft Visual Studio Solution File, Format Version 12.00
# Visual Studio Version 16
VisualStudioVersion = 16.0.31025.194
MinimumVisualStudioVersion = 10.0.40219.1
Project("{9A19103F-16F7-4668-BE54-9A1E7A4F7556}") = "XUnitCalculatorDemo", "XUnitCalculatorDemo.csproj", "{AC4D25F2-19BD-456C-8F19-DAC4BAD65B8C}"
EndProject
Global
	GlobalSection(SolutionConfigurationPlatforms) = preSolution
		Debug|Any CPU = Debug|Any CPU
		Release|Any CPU = Release|Any CPU
	EndGlobalSection
	GlobalSection(ProjectConfigurationPlatforms) = postSolution
		{AC4D25F2-19BD-456C-8F19-DAC4BAD65B8C}.Debug|Any CPU.ActiveCfg = Debug|Any CPU
		{AC4D25F2-19BD-456C-8F19-DAC4BAD65B8C}.Debug|Any CPU.Build.0 = Debug|Any CPU
		{AC4D25F2-19BD-456C-8F19-DAC4BAD65B8C}.Release|Any CPU.ActiveCfg = Release|Any CPU
		{AC4D25F2-19BD-456C-8F19-DAC4BAD65B8C}.Release|Any CPU.Build.0 = Release|Any CPU
	EndGlobalSection
	GlobalSection(SolutionProperties) = preSolution
		HideSolutionNode = FALSE
	EndGlobalSection
	GlobalSection(ExtensibilityGlobals) = postSolution
		SolutionGuid = {9C88BBD7-7405-440A-9E7C-90A801BDC817}
	EndGlobalSection
EndGlobal
